
Microsoft Visual Studio Solution File, Format Version 12.00
# Visual Studio Version 17
VisualStudioVersion = 17.1.32210.238
MinimumVisualStudioVersion = 10.0.40219.1
Project("{FAE04EC0-301F-11D3-BF4B-00C04F79EFBC}") = "Tipos de variaveis", "Tipos de variaveis\Tipos de variaveis.csproj", "{CCBEAE9B-AC89-46E1-936F-32333179A4EA}"
EndProject
Global
	GlobalSection(SolutionConfigurationPlatforms) = preSolution
		Debug|Any CPU = Debug|Any CPU
		Release|Any CPU = Release|Any CPU
	EndGlobalSection
	GlobalSection(ProjectConfigurationPlatforms) = postSolution
		{CCBEAE9B-AC89-46E1-936F-32333179A4EA}.Debug|Any CPU.ActiveCfg = Debug|Any CPU
		{CCBEAE9B-AC89-46E1-936F-32333179A4EA}.Debug|Any CPU.Build.0 = Debug|Any CPU
		{CCBEAE9B-AC89-46E1-936F-32333179A4EA}.Release|Any CPU.ActiveCfg = Release|Any CPU
		{CCBEAE9B-AC89-46E1-936F-32333179A4EA}.Release|Any CPU.Build.0 = Release|Any CPU
	EndGlobalSection
	GlobalSection(SolutionProperties) = preSolution
		HideSolutionNode = FALSE
	EndGlobalSection
	GlobalSection(ExtensibilityGlobals) = postSolution
		SolutionGuid = {910B6BEC-BDD0-465E-A009-DA87E5A8DF45}
	EndGlobalSection
EndGlobal
